// !$*UTF8*$!
{
	archiveVersion = 1;
	classes = {
	};
	objectVersion = 46;
	objects = {

/* Begin PBXBuildFile section */
		7A18627716617BF900DBAA6C /* util.cpp in Sources */ = {isa = PBXBuildFile; fileRef = 7A18627616617BF900DBAA6C /* util.cpp */; };
		7A38BE27165CA95B0005E7C6 /* data.cpp in Sources */ = {isa = PBXBuildFile; fileRef = 7A38BE21165CA95B0005E7C6 /* data.cpp */; };
		7A38BE28165CA95B0005E7C6 /* main.cpp in Sources */ = {isa = PBXBuildFile; fileRef = 7A38BE24165CA95B0005E7C6 /* main.cpp */; };
		7ADDB05E166AEEAE00A3173B /* bw.cpp in Sources */ = {isa = PBXBuildFile; fileRef = 7ADDB05C166AEEAE00A3173B /* bw.cpp */; };
		7AE1AADE16811EE8002546AC /* udp.cpp in Sources */ = {isa = PBXBuildFile; fileRef = 7AE1AADC16811EE8002546AC /* udp.cpp */; };
		7AE1AAE21682EF2F002546AC /* client.cpp in Sources */ = {isa = PBXBuildFile; fileRef = 7AE1AAE01682EF2F002546AC /* client.cpp */; };
/* End PBXBuildFile section */

/* Begin PBXCopyFilesBuildPhase section */
		7A46AE541659756600879E87 /* CopyFiles */ = {
			isa = PBXCopyFilesBuildPhase;
			buildActionMask = 2147483647;
			dstPath = /usr/share/man/man1/;
			dstSubfolderSpec = 0;
			files = (
			);
			runOnlyForDeploymentPostprocessing = 1;
		};
/* End PBXCopyFilesBuildPhase section */

/* Begin PBXFileReference section */
		7A18627516617A5C00DBAA6C /* def.h */ = {isa = PBXFileReference; lastKnownFileType = sourcecode.c.h; path = def.h; sourceTree = "<group>"; };
		7A18627616617BF900DBAA6C /* util.cpp */ = {isa = PBXFileReference; fileEncoding = 4; lastKnownFileType = sourcecode.cpp.cpp; path = util.cpp; sourceTree = "<group>"; };
		7A38BE21165CA95B0005E7C6 /* data.cpp */ = {isa = PBXFileReference; fileEncoding = 4; lastKnownFileType = sourcecode.cpp.cpp; path = data.cpp; sourceTree = "<group>"; };
		7A38BE22165CA95B0005E7C6 /* data.h */ = {isa = PBXFileReference; fileEncoding = 4; lastKnownFileType = sourcecode.c.h; path = data.h; sourceTree = "<group>"; };
		7A38BE24165CA95B0005E7C6 /* main.cpp */ = {isa = PBXFileReference; fileEncoding = 4; lastKnownFileType = sourcecode.cpp.cpp; path = main.cpp; sourceTree = "<group>"; };
		7A38BE26165CA95B0005E7C6 /* util.h */ = {isa = PBXFileReference; fileEncoding = 4; lastKnownFileType = sourcecode.c.h; path = util.h; sourceTree = "<group>"; };
		7A46AE561659756600879E87 /* PacketTraceExplorer */ = {isa = PBXFileReference; explicitFileType = "compiled.mach-o.executable"; includeInIndex = 0; path = PacketTraceExplorer; sourceTree = BUILT_PRODUCTS_DIR; };
		7ADDB05C166AEEAE00A3173B /* bw.cpp */ = {isa = PBXFileReference; fileEncoding = 4; lastKnownFileType = sourcecode.cpp.cpp; path = bw.cpp; sourceTree = "<group>"; };
		7ADDB05D166AEEAE00A3173B /* bw.h */ = {isa = PBXFileReference; fileEncoding = 4; lastKnownFileType = sourcecode.c.h; path = bw.h; sourceTree = "<group>"; };
		7AE1AADC16811EE8002546AC /* udp.cpp */ = {isa = PBXFileReference; fileEncoding = 4; lastKnownFileType = sourcecode.cpp.cpp; path = udp.cpp; sourceTree = "<group>"; };
		7AE1AADD16811EE8002546AC /* udp.h */ = {isa = PBXFileReference; fileEncoding = 4; lastKnownFileType = sourcecode.c.h; path = udp.h; sourceTree = "<group>"; };
		7AE1AAE01682EF2F002546AC /* client.cpp */ = {isa = PBXFileReference; fileEncoding = 4; lastKnownFileType = sourcecode.cpp.cpp; path = client.cpp; sourceTree = "<group>"; };
		7AE1AAE11682EF2F002546AC /* client.h */ = {isa = PBXFileReference; fileEncoding = 4; lastKnownFileType = sourcecode.c.h; path = client.h; sourceTree = "<group>"; };
/* End PBXFileReference section */

/* Begin PBXFrameworksBuildPhase section */
		7A46AE531659756600879E87 /* Frameworks */ = {
			isa = PBXFrameworksBuildPhase;
			buildActionMask = 2147483647;
			files = (
			);
			runOnlyForDeploymentPostprocessing = 0;
		};
/* End PBXFrameworksBuildPhase section */

/* Begin PBXGroup section */
		7A46AE4B1659756600879E87 = {
			isa = PBXGroup;
			children = (
				7AE1AAE01682EF2F002546AC /* client.cpp */,
				7AE1AAE11682EF2F002546AC /* client.h */,
				7AE1AADC16811EE8002546AC /* udp.cpp */,
				7AE1AADD16811EE8002546AC /* udp.h */,
				7ADDB05C166AEEAE00A3173B /* bw.cpp */,
				7ADDB05D166AEEAE00A3173B /* bw.h */,
				7A18627516617A5C00DBAA6C /* def.h */,
				7A38BE21165CA95B0005E7C6 /* data.cpp */,
				7A38BE22165CA95B0005E7C6 /* data.h */,
				7A38BE24165CA95B0005E7C6 /* main.cpp */,
				7A38BE26165CA95B0005E7C6 /* util.h */,
				7A18627616617BF900DBAA6C /* util.cpp */,
				7A46AE571659756600879E87 /* Products */,
			);
			sourceTree = "<group>";
		};
		7A46AE571659756600879E87 /* Products */ = {
			isa = PBXGroup;
			children = (
				7A46AE561659756600879E87 /* PacketTraceExplorer */,
			);
			name = Products;
			sourceTree = "<group>";
		};
/* End PBXGroup section */

/* Begin PBXNativeTarget section */
		7A46AE551659756600879E87 /* PacketTraceExplorer */ = {
			isa = PBXNativeTarget;
			buildConfigurationList = 7A46AE601659756600879E87 /* Build configuration list for PBXNativeTarget "PacketTraceExplorer" */;
			buildPhases = (
				7A46AE521659756600879E87 /* Sources */,
				7A46AE531659756600879E87 /* Frameworks */,
				7A46AE541659756600879E87 /* CopyFiles */,
			);
			buildRules = (
			);
			dependencies = (
			);
			name = PacketTraceExplorer;
			productName = PacketTraceExplorer;
			productReference = 7A46AE561659756600879E87 /* PacketTraceExplorer */;
			productType = "com.apple.product-type.tool";
		};
/* End PBXNativeTarget section */

/* Begin PBXProject section */
		7A46AE4D1659756600879E87 /* Project object */ = {
			isa = PBXProject;
			attributes = {
				LastUpgradeCheck = 0450;
				ORGANIZATIONNAME = "Junxian Huang";
			};
			buildConfigurationList = 7A46AE501659756600879E87 /* Build configuration list for PBXProject "PacketTraceExplorer" */;
			compatibilityVersion = "Xcode 3.2";
			developmentRegion = English;
			hasScannedForEncodings = 0;
			knownRegions = (
				en,
			);
			mainGroup = 7A46AE4B1659756600879E87;
			productRefGroup = 7A46AE571659756600879E87 /* Products */;
			projectDirPath = "";
			projectRoot = "";
			targets = (
				7A46AE551659756600879E87 /* PacketTraceExplorer */,
			);
		};
/* End PBXProject section */

/* Begin PBXSourcesBuildPhase section */
		7A46AE521659756600879E87 /* Sources */ = {
			isa = PBXSourcesBuildPhase;
			buildActionMask = 2147483647;
			files = (
				7A38BE27165CA95B0005E7C6 /* data.cpp in Sources */,
				7A38BE28165CA95B0005E7C6 /* main.cpp in Sources */,
				7A18627716617BF900DBAA6C /* util.cpp in Sources */,
				7ADDB05E166AEEAE00A3173B /* bw.cpp in Sources */,
				7AE1AADE16811EE8002546AC /* udp.cpp in Sources */,
				7AE1AAE21682EF2F002546AC /* client.cpp in Sources */,
			);
			runOnlyForDeploymentPostprocessing = 0;
		};
/* End PBXSourcesBuildPhase section */

/* Begin XCBuildConfiguration section */
		7A46AE5E1659756600879E87 /* Debug */ = {
			isa = XCBuildConfiguration;
			buildSettings = {
				ARCHS = "$(ARCHS_STANDARD_64_BIT)";
				CLANG_CXX_LANGUAGE_STANDARD = "gnu++0x";
				CLANG_CXX_LIBRARY = "libc++";
				CLANG_ENABLE_OBJC_ARC = YES;
				CLANG_WARN_EMPTY_BODY = YES;
				CLANG_WARN__DUPLICATE_METHOD_MATCH = YES;
				COPY_PHASE_STRIP = NO;
				GCC_C_LANGUAGE_STANDARD = gnu99;
				GCC_DYNAMIC_NO_PIC = NO;
				GCC_ENABLE_OBJC_EXCEPTIONS = YES;
				GCC_OPTIMIZATION_LEVEL = 0;
				GCC_PREPROCESSOR_DEFINITIONS = (
					"DEBUG=1",
					"$(inherited)",
				);
				GCC_SYMBOLS_PRIVATE_EXTERN = NO;
				GCC_WARN_64_TO_32_BIT_CONVERSION = YES;
				GCC_WARN_ABOUT_RETURN_TYPE = YES;
				GCC_WARN_UNINITIALIZED_AUTOS = YES;
				GCC_WARN_UNUSED_VARIABLE = YES;
				MACOSX_DEPLOYMENT_TARGET = 10.8;
				ONLY_ACTIVE_ARCH = YES;
				OTHER_LDFLAGS = (
					"-lpcap",
					"-lz",
				);
				SDKROOT = macosx;
			};
			name = Debug;
		};
		7A46AE5F1659756600879E87 /* Release */ = {
			isa = XCBuildConfiguration;
			buildSettings = {
				ARCHS = "$(ARCHS_STANDARD_64_BIT)";
				CLANG_CXX_LANGUAGE_STANDARD = "gnu++0x";
				CLANG_CXX_LIBRARY = "libc++";
				CLANG_ENABLE_OBJC_ARC = YES;
				CLANG_WARN_EMPTY_BODY = YES;
				CLANG_WARN__DUPLICATE_METHOD_MATCH = YES;
				COPY_PHASE_STRIP = YES;
				DEBUG_INFORMATION_FORMAT = "dwarf-with-dsym";
				GCC_C_LANGUAGE_STANDARD = gnu99;
				GCC_ENABLE_OBJC_EXCEPTIONS = YES;
				GCC_WARN_64_TO_32_BIT_CONVERSION = YES;
				GCC_WARN_ABOUT_RETURN_TYPE = YES;
				GCC_WARN_UNINITIALIZED_AUTOS = YES;
				GCC_WARN_UNUSED_VARIABLE = YES;
				MACOSX_DEPLOYMENT_TARGET = 10.8;
				OTHER_LDFLAGS = (
					"-lpcap",
					"-lz",
				);
				SDKROOT = macosx;
			};
			name = Release;
		};
		7A46AE611659756600879E87 /* Debug */ = {
			isa = XCBuildConfiguration;
			buildSettings = {
				PRODUCT_NAME = "$(TARGET_NAME)";
			};
			name = Debug;
		};
		7A46AE621659756600879E87 /* Release */ = {
			isa = XCBuildConfiguration;
			buildSettings = {
				PRODUCT_NAME = "$(TARGET_NAME)";
			};
			name = Release;
		};
/* End XCBuildConfiguration section */

/* Begin XCConfigurationList section */
		7A46AE501659756600879E87 /* Build configuration list for PBXProject "PacketTraceExplorer" */ = {
			isa = XCConfigurationList;
			buildConfigurations = (
				7A46AE5E1659756600879E87 /* Debug */,
				7A46AE5F1659756600879E87 /* Release */,
			);
			defaultConfigurationIsVisible = 0;
			defaultConfigurationName = Release;
		};
		7A46AE601659756600879E87 /* Build configuration list for PBXNativeTarget "PacketTraceExplorer" */ = {
			isa = XCConfigurationList;
			buildConfigurations = (
				7A46AE611659756600879E87 /* Debug */,
				7A46AE621659756600879E87 /* Release */,
			);
			defaultConfigurationIsVisible = 0;
			defaultConfigurationName = Release;
		};
/* End XCConfigurationList section */
	};
	rootObject = 7A46AE4D1659756600879E87 /* Project object */;
}
